{
  "name": "calculating-date",
  "version": "1.0.8",
  "lockfileVersion": 2,
  "requires": true,
  "packages": {
    "": {
      "name": "calculating-date",
      "version": "1.0.8",
      "license": "MIT",
      "dependencies": {
        "calculating-date": "^1.0.8",
        "moment": "^2.29.3"
      },
      "devDependencies": {}
    },
    "node_modules/calculating-date": {
      "version": "1.0.8",
      "resolved": "https://registry.npmjs.org/calculating-date/-/calculating-date-1.0.8.tgz",
      "integrity": "sha512-ejBmJszM+3E7x9RRXnUees/yHyJmfE3sEzXqhzlPkXz4GuRXB0JitL4oZ8YbzdbPs5OdcW2cSmNu8P0Gc1ixaA==",
      "dependencies": {
        "calculating-date": "^1.0.7",
        "moment": "^2.29.3"
      }
    },
    "node_modules/moment": {
      "version": "2.29.3",
      "resolved": "https://registry.npmjs.org/moment/-/moment-2.29.3.tgz",
      "integrity": "sha512-c6YRvhEo//6T2Jz/vVtYzqBzwvPT95JBQ+smCytzf7c50oMZRsR/a4w88aD34I+/QVSfnoAnSBFPJHItlOMJVw==",
      "engines": {
        "node": "*"
      }
    }
  },
  "dependencies": {
    "calculating-date": {
      "version": "1.0.8",
      "resolved": "https://registry.npmjs.org/calculating-date/-/calculating-date-1.0.8.tgz",
      "integrity": "sha512-ejBmJszM+3E7x9RRXnUees/yHyJmfE3sEzXqhzlPkXz4GuRXB0JitL4oZ8YbzdbPs5OdcW2cSmNu8P0Gc1ixaA==",
      "requires": {
        "calculating-date": "^1.0.7",
        "moment": "^2.29.3"
      }
    },
    "moment": {
      "version": "2.29.3",
      "resolved": "https://registry.npmjs.org/moment/-/moment-2.29.3.tgz",
      "integrity": "sha512-c6YRvhEo//6T2Jz/vVtYzqBzwvPT95JBQ+smCytzf7c50oMZRsR/a4w88aD34I+/QVSfnoAnSBFPJHItlOMJVw=="
    }
  }
}
