{
  "name": "calculating-date",
  "version": "1.0.6",
  "lockfileVersion": 2,
  "requires": true,
  "packages": {
    "": {
      "name": "calculating-date",
      "version": "1.0.6",
      "license": "MIT",
      "dependencies": {
        "calculating-date": "^1.0.6",
        "moment": "^2.29.3"
      },
      "devDependencies": {}
    },
    "node_modules/calculating-date": {
      "version": "1.0.6",
      "resolved": "https://registry.npmjs.org/calculating-date/-/calculating-date-1.0.6.tgz",
      "integrity": "sha512-kWvvh4CqBWRrmck0zyQ17m9DEn/CR8k0xGP/DmeoIaHOGE6nWipQw3XuOYKT3SbC5Z5pQ1cLcDI8zEmgOZnkKw==",
      "dependencies": {
        "calculating-date": "^1.0.5",
        "moment": "^2.29.3"
      }
    },
    "node_modules/moment": {
      "version": "2.29.3",
      "resolved": "https://registry.npmjs.org/moment/-/moment-2.29.3.tgz",
      "integrity": "sha512-c6YRvhEo//6T2Jz/vVtYzqBzwvPT95JBQ+smCytzf7c50oMZRsR/a4w88aD34I+/QVSfnoAnSBFPJHItlOMJVw==",
      "engines": {
        "node": "*"
      }
    }
  },
  "dependencies": {
    "calculating-date": {
      "version": "1.0.6",
      "resolved": "https://registry.npmjs.org/calculating-date/-/calculating-date-1.0.6.tgz",
      "integrity": "sha512-kWvvh4CqBWRrmck0zyQ17m9DEn/CR8k0xGP/DmeoIaHOGE6nWipQw3XuOYKT3SbC5Z5pQ1cLcDI8zEmgOZnkKw==",
      "requires": {
        "calculating-date": "^1.0.5",
        "moment": "^2.29.3"
      }
    },
    "moment": {
      "version": "2.29.3",
      "resolved": "https://registry.npmjs.org/moment/-/moment-2.29.3.tgz",
      "integrity": "sha512-c6YRvhEo//6T2Jz/vVtYzqBzwvPT95JBQ+smCytzf7c50oMZRsR/a4w88aD34I+/QVSfnoAnSBFPJHItlOMJVw=="
    }
  }
}
