{
  "name": "calculating-date",
  "version": "1.0.2",
  "lockfileVersion": 2,
  "requires": true,
  "packages": {
    "": {
      "name": "calculating-date",
      "version": "1.0.2",
      "license": "ISC",
      "dependencies": {
        "calculating-date": "^1.0.1",
        "moment": "^2.29.3"
      },
      "devDependencies": {}
    },
    "node_modules/calculating-date": {
      "version": "1.0.1",
      "resolved": "https://registry.npmjs.org/calculating-date/-/calculating-date-1.0.1.tgz",
      "integrity": "sha512-FubattASyv0Iy6RGWex5QloThcENYQoZULzwJrokzmx61n6mrxfAvYnRw+mQGNrWpuXY+n91b8GV25o/h0W8vg==",
      "dependencies": {
        "moment": "^2.29.3",
        "typescript": "^4.6.3"
      }
    },
    "node_modules/moment": {
      "version": "2.29.3",
      "resolved": "https://registry.npmjs.org/moment/-/moment-2.29.3.tgz",
      "integrity": "sha512-c6YRvhEo//6T2Jz/vVtYzqBzwvPT95JBQ+smCytzf7c50oMZRsR/a4w88aD34I+/QVSfnoAnSBFPJHItlOMJVw==",
      "engines": {
        "node": "*"
      }
    },
    "node_modules/typescript": {
      "version": "4.6.3",
      "resolved": "https://registry.npmjs.org/typescript/-/typescript-4.6.3.tgz",
      "integrity": "sha512-yNIatDa5iaofVozS/uQJEl3JRWLKKGJKh6Yaiv0GLGSuhpFJe7P3SbHZ8/yjAHRQwKRoA6YZqlfjXWmVzoVSMw==",
      "bin": {
        "tsc": "bin/tsc",
        "tsserver": "bin/tsserver"
      },
      "engines": {
        "node": ">=4.2.0"
      }
    }
  },
  "dependencies": {
    "calculating-date": {
      "version": "1.0.1",
      "resolved": "https://registry.npmjs.org/calculating-date/-/calculating-date-1.0.1.tgz",
      "integrity": "sha512-FubattASyv0Iy6RGWex5QloThcENYQoZULzwJrokzmx61n6mrxfAvYnRw+mQGNrWpuXY+n91b8GV25o/h0W8vg==",
      "requires": {
        "moment": "^2.29.3",
        "typescript": "^4.6.3"
      }
    },
    "moment": {
      "version": "2.29.3",
      "resolved": "https://registry.npmjs.org/moment/-/moment-2.29.3.tgz",
      "integrity": "sha512-c6YRvhEo//6T2Jz/vVtYzqBzwvPT95JBQ+smCytzf7c50oMZRsR/a4w88aD34I+/QVSfnoAnSBFPJHItlOMJVw=="
    },
    "typescript": {
      "version": "4.6.3",
      "resolved": "https://registry.npmjs.org/typescript/-/typescript-4.6.3.tgz",
      "integrity": "sha512-yNIatDa5iaofVozS/uQJEl3JRWLKKGJKh6Yaiv0GLGSuhpFJe7P3SbHZ8/yjAHRQwKRoA6YZqlfjXWmVzoVSMw=="
    }
  }
}
